# This file is automatically @generated by Poetry 1.8.3 and should not be changed by hand.

[[package]]
name = "black"
version = "24.10.0"
description = "The uncompromising code formatter."
optional = false
python-versions = ">=3.9"
files = [
    {file = "black-24.10.0-cp310-cp310-macosx_10_9_x86_64.whl", hash = "sha256:e6668650ea4b685440857138e5fe40cde4d652633b1bdffc62933d0db4ed9812"},
    {file = "black-24.10.0-cp310-cp310-macosx_11_0_arm64.whl", hash = "sha256:1c536fcf674217e87b8cc3657b81809d3c085d7bf3ef262ead700da345bfa6ea"},
    {file = "black-24.10.0-cp310-cp310-manylinux_2_17_x86_64.manylinux2014_x86_64.manylinux_2_28_x86_64.whl", hash = "sha256:649fff99a20bd06c6f727d2a27f401331dc0cc861fb69cde910fe95b01b5928f"},
    {file = "black-24.10.0-cp310-cp310-win_amd64.whl", hash = "sha256:fe4d6476887de70546212c99ac9bd803d90b42fc4767f058a0baa895013fbb3e"},
    {file = "black-24.10.0-cp311-cp311-macosx_10_9_x86_64.whl", hash = "sha256:5a2221696a8224e335c28816a9d331a6c2ae15a2ee34ec857dcf3e45dbfa99ad"},
    {file = "black-24.10.0-cp311-cp311-macosx_11_0_arm64.whl", hash = "sha256:f9da3333530dbcecc1be13e69c250ed8dfa67f43c4005fb537bb426e19200d50"},
    {file = "black-24.10.0-cp311-cp311-manylinux_2_17_x86_64.manylinux2014_x86_64.manylinux_2_28_x86_64.whl", hash = "sha256:4007b1393d902b48b36958a216c20c4482f601569d19ed1df294a496eb366392"},
    {file = "black-24.10.0-cp311-cp311-win_amd64.whl", hash = "sha256:394d4ddc64782e51153eadcaaca95144ac4c35e27ef9b0a42e121ae7e57a9175"},
    {file = "black-24.10.0-cp312-cp312-macosx_10_13_x86_64.whl", hash = "sha256:b5e39e0fae001df40f95bd8cc36b9165c5e2ea88900167bddf258bacef9bbdc3"},
    {file = "black-24.10.0-cp312-cp312-macosx_11_0_arm64.whl", hash = "sha256:d37d422772111794b26757c5b55a3eade028aa3fde43121ab7b673d050949d65"},
    {file = "black-24.10.0-cp312-cp312-manylinux_2_17_x86_64.manylinux2014_x86_64.manylinux_2_28_x86_64.whl", hash = "sha256:14b3502784f09ce2443830e3133dacf2c0110d45191ed470ecb04d0f5f6fcb0f"},
    {file = "black-24.10.0-cp312-cp312-win_amd64.whl", hash = "sha256:30d2c30dc5139211dda799758559d1b049f7f14c580c409d6ad925b74a4208a8"},
    {file = "black-24.10.0-cp313-cp313-macosx_10_13_x86_64.whl", hash = "sha256:1cbacacb19e922a1d75ef2b6ccaefcd6e93a2c05ede32f06a21386a04cedb981"},
    {file = "black-24.10.0-cp313-cp313-macosx_11_0_arm64.whl", hash = "sha256:1f93102e0c5bb3907451063e08b9876dbeac810e7da5a8bfb7aeb5a9ef89066b"},
    {file = "black-24.10.0-cp313-cp313-manylinux_2_17_x86_64.manylinux2014_x86_64.manylinux_2_28_x86_64.whl", hash = "sha256:ddacb691cdcdf77b96f549cf9591701d8db36b2f19519373d60d31746068dbf2"},
    {file = "black-24.10.0-cp313-cp313-win_amd64.whl", hash = "sha256:680359d932801c76d2e9c9068d05c6b107f2584b2a5b88831c83962eb9984c1b"},
    {file = "black-24.10.0-cp39-cp39-macosx_10_9_x86_64.whl", hash = "sha256:17374989640fbca88b6a448129cd1745c5eb8d9547b464f281b251dd00155ccd"},
    {file = "black-24.10.0-cp39-cp39-macosx_11_0_arm64.whl", hash = "sha256:63f626344343083322233f175aaf372d326de8436f5928c042639a4afbbf1d3f"},
    {file = "black-24.10.0-cp39-cp39-manylinux_2_17_x86_64.manylinux2014_x86_64.manylinux_2_28_x86_64.whl", hash = "sha256:ccfa1d0cb6200857f1923b602f978386a3a2758a65b52e0950299ea014be6800"},
    {file = "black-24.10.0-cp39-cp39-win_amd64.whl", hash = "sha256:2cd9c95431d94adc56600710f8813ee27eea544dd118d45896bb734e9d7a0dc7"},
    {file = "black-24.10.0-py3-none-any.whl", hash = "sha256:3bb2b7a1f7b685f85b11fed1ef10f8a9148bceb49853e47a294a3dd963c1dd7d"},
    {file = "black-24.10.0.tar.gz", hash = "sha256:846ea64c97afe3bc677b761787993be4991810ecc7a4a937816dd6bddedc4875"},
]

[package.dependencies]
click = ">=8.0.0"
mypy-extensions = ">=0.4.3"
packaging = ">=22.0"
pathspec = ">=0.9.0"
platformdirs = ">=2"

[package.extras]
colorama = ["colorama (>=0.4.3)"]
d = ["aiohttp (>=3.10)"]
jupyter = ["ipython (>=7.8.0)", "tokenize-rt (>=3.2.0)"]
uvloop = ["uvloop (>=0.15.2)"]

[[package]]
name = "click"
version = "8.1.7"
description = "Composable command line interface toolkit"
optional = false
python-versions = ">=3.7"
files = [
    {file = "click-8.1.7-py3-none-any.whl", hash = "sha256:ae74fb96c20a0277a1d615f1e4d73c8414f5a98db8b799a7931d1582f3390c28"},
    {file = "click-8.1.7.tar.gz", hash = "sha256:ca9853ad459e787e2192211578cc907e7594e294c7ccc834310722b41b9ca6de"},
]

[package.dependencies]
colorama = {version = "*", markers = "platform_system == \"Windows\""}

[[package]]
name = "colorama"
version = "0.4.6"
description = "Cross-platform colored terminal text."
optional = false
python-versions = "!=3.0.*,!=3.1.*,!=3.2.*,!=3.3.*,!=3.4.*,!=3.5.*,!=3.6.*,>=2.7"
files = [
    {file = "colorama-0.4.6-py2.py3-none-any.whl", hash = "sha256:4f1d9991f5acc0ca119f9d443620b77f9d6b33703e51011c16baf57afb285fc6"},
    {file = "colorama-0.4.6.tar.gz", hash = "sha256:08695f5cb7ed6e0531a20572697297273c47b8cae5a63ffc6d6ed5c201be6e44"},
]

[[package]]
name = "coverage"
version = "7.6.2"
description = "Code coverage measurement for Python"
optional = false
python-versions = ">=3.9"
files = [
    {file = "coverage-7.6.2-cp310-cp310-macosx_10_9_x86_64.whl", hash = "sha256:c9df1950fb92d49970cce38100d7e7293c84ed3606eaa16ea0b6bc27175bb667"},
    {file = "coverage-7.6.2-cp310-cp310-macosx_11_0_arm64.whl", hash = "sha256:24500f4b0e03aab60ce575c85365beab64b44d4db837021e08339f61d1fbfe52"},
    {file = "coverage-7.6.2-cp310-cp310-manylinux_2_17_aarch64.manylinux2014_aarch64.whl", hash = "sha256:a663b180b6669c400b4630a24cc776f23a992d38ce7ae72ede2a397ce6b0f170"},
    {file = "coverage-7.6.2-cp310-cp310-manylinux_2_5_i686.manylinux1_i686.manylinux_2_17_i686.manylinux2014_i686.whl", hash = "sha256:bfde025e2793a22efe8c21f807d276bd1d6a4bcc5ba6f19dbdfc4e7a12160909"},
    {file = "coverage-7.6.2-cp310-cp310-manylinux_2_5_x86_64.manylinux1_x86_64.manylinux_2_17_x86_64.manylinux2014_x86_64.whl", hash = "sha256:087932079c065d7b8ebadd3a0160656c55954144af6439886c8bcf78bbbcde7f"},
    {file = "coverage-7.6.2-cp310-cp310-musllinux_1_2_aarch64.whl", hash = "sha256:9c6b0c1cafd96213a0327cf680acb39f70e452caf8e9a25aeb05316db9c07f89"},
    {file = "coverage-7.6.2-cp310-cp310-musllinux_1_2_i686.whl", hash = "sha256:6e85830eed5b5263ffa0c62428e43cb844296f3b4461f09e4bdb0d44ec190bc2"},
    {file = "coverage-7.6.2-cp310-cp310-musllinux_1_2_x86_64.whl", hash = "sha256:62ab4231c01e156ece1b3a187c87173f31cbeee83a5e1f6dff17f288dca93345"},
    {file = "coverage-7.6.2-cp310-cp310-win32.whl", hash = "sha256:7b80fbb0da3aebde102a37ef0138aeedff45997e22f8962e5f16ae1742852676"},
    {file = "coverage-7.6.2-cp310-cp310-win_amd64.whl", hash = "sha256:d20c3d1f31f14d6962a4e2f549c21d31e670b90f777ef4171be540fb7fb70f02"},
    {file = "coverage-7.6.2-cp311-cp311-macosx_10_9_x86_64.whl", hash = "sha256:bb21bac7783c1bf6f4bbe68b1e0ff0d20e7e7732cfb7995bc8d96e23aa90fc7b"},
    {file = "coverage-7.6.2-cp311-cp311-macosx_11_0_arm64.whl", hash = "sha256:a7b2e437fbd8fae5bc7716b9c7ff97aecc95f0b4d56e4ca08b3c8d8adcaadb84"},
    {file = "coverage-7.6.2-cp311-cp311-manylinux_2_17_aarch64.manylinux2014_aarch64.whl", hash = "sha256:536f77f2bf5797983652d1d55f1a7272a29afcc89e3ae51caa99b2db4e89d658"},
    {file = "coverage-7.6.2-cp311-cp311-manylinux_2_5_i686.manylinux1_i686.manylinux_2_17_i686.manylinux2014_i686.whl", hash = "sha256:f361296ca7054f0936b02525646b2731b32c8074ba6defab524b79b2b7eeac72"},
    {file = "coverage-7.6.2-cp311-cp311-manylinux_2_5_x86_64.manylinux1_x86_64.manylinux_2_17_x86_64.manylinux2014_x86_64.whl", hash = "sha256:7926d8d034e06b479797c199747dd774d5e86179f2ce44294423327a88d66ca7"},
    {file = "coverage-7.6.2-cp311-cp311-musllinux_1_2_aarch64.whl", hash = "sha256:0bbae11c138585c89fb4e991faefb174a80112e1a7557d507aaa07675c62e66b"},
    {file = "coverage-7.6.2-cp311-cp311-musllinux_1_2_i686.whl", hash = "sha256:fcad7d5d2bbfeae1026b395036a8aa5abf67e8038ae7e6a25c7d0f88b10a8e6a"},
    {file = "coverage-7.6.2-cp311-cp311-musllinux_1_2_x86_64.whl", hash = "sha256:f01e53575f27097d75d42de33b1b289c74b16891ce576d767ad8c48d17aeb5e0"},
    {file = "coverage-7.6.2-cp311-cp311-win32.whl", hash = "sha256:7781f4f70c9b0b39e1b129b10c7d43a4e0c91f90c60435e6da8288efc2b73438"},
    {file = "coverage-7.6.2-cp311-cp311-win_amd64.whl", hash = "sha256:9bcd51eeca35a80e76dc5794a9dd7cb04b97f0e8af620d54711793bfc1fbba4b"},
    {file = "coverage-7.6.2-cp312-cp312-macosx_10_13_x86_64.whl", hash = "sha256:ebc94fadbd4a3f4215993326a6a00e47d79889391f5659bf310f55fe5d9f581c"},
    {file = "coverage-7.6.2-cp312-cp312-macosx_11_0_arm64.whl", hash = "sha256:9681516288e3dcf0aa7c26231178cc0be6cac9705cac06709f2353c5b406cfea"},
    {file = "coverage-7.6.2-cp312-cp312-manylinux_2_17_aarch64.manylinux2014_aarch64.whl", hash = "sha256:8d9c5d13927d77af4fbe453953810db766f75401e764727e73a6ee4f82527b3e"},
    {file = "coverage-7.6.2-cp312-cp312-manylinux_2_5_i686.manylinux1_i686.manylinux_2_17_i686.manylinux2014_i686.whl", hash = "sha256:b92f9ca04b3e719d69b02dc4a69debb795af84cb7afd09c5eb5d54b4a1ae2191"},
    {file = "coverage-7.6.2-cp312-cp312-manylinux_2_5_x86_64.manylinux1_x86_64.manylinux_2_17_x86_64.manylinux2014_x86_64.whl", hash = "sha256:0ff2ef83d6d0b527b5c9dad73819b24a2f76fdddcfd6c4e7a4d7e73ecb0656b4"},
    {file = "coverage-7.6.2-cp312-cp312-musllinux_1_2_aarch64.whl", hash = "sha256:47ccb6e99a3031ffbbd6e7cc041e70770b4fe405370c66a54dbf26a500ded80b"},
    {file = "coverage-7.6.2-cp312-cp312-musllinux_1_2_i686.whl", hash = "sha256:a867d26f06bcd047ef716175b2696b315cb7571ccb951006d61ca80bbc356e9e"},
    {file = "coverage-7.6.2-cp312-cp312-musllinux_1_2_x86_64.whl", hash = "sha256:cdfcf2e914e2ba653101157458afd0ad92a16731eeba9a611b5cbb3e7124e74b"},
    {file = "coverage-7.6.2-cp312-cp312-win32.whl", hash = "sha256:f9035695dadfb397bee9eeaf1dc7fbeda483bf7664a7397a629846800ce6e276"},
    {file = "coverage-7.6.2-cp312-cp312-win_amd64.whl", hash = "sha256:5ed69befa9a9fc796fe015a7040c9398722d6b97df73a6b608e9e275fa0932b0"},
    {file = "coverage-7.6.2-cp313-cp313-macosx_10_13_x86_64.whl", hash = "sha256:4eea60c79d36a8f39475b1af887663bc3ae4f31289cd216f514ce18d5938df40"},
    {file = "coverage-7.6.2-cp313-cp313-macosx_11_0_arm64.whl", hash = "sha256:aa68a6cdbe1bc6793a9dbfc38302c11599bbe1837392ae9b1d238b9ef3dafcf1"},
    {file = "coverage-7.6.2-cp313-cp313-manylinux_2_17_aarch64.manylinux2014_aarch64.whl", hash = "sha256:3ec528ae69f0a139690fad6deac8a7d33629fa61ccce693fdd07ddf7e9931fba"},
    {file = "coverage-7.6.2-cp313-cp313-manylinux_2_5_i686.manylinux1_i686.manylinux_2_17_i686.manylinux2014_i686.whl", hash = "sha256:ed5ac02126f74d190fa2cc14a9eb2a5d9837d5863920fa472b02eb1595cdc925"},
    {file = "coverage-7.6.2-cp313-cp313-manylinux_2_5_x86_64.manylinux1_x86_64.manylinux_2_17_x86_64.manylinux2014_x86_64.whl", hash = "sha256:21c0ea0d4db8a36b275cb6fb2437a3715697a4ba3cb7b918d3525cc75f726304"},
    {file = "coverage-7.6.2-cp313-cp313-musllinux_1_2_aarch64.whl", hash = "sha256:35a51598f29b2a19e26d0908bd196f771a9b1c5d9a07bf20be0adf28f1ad4f77"},
    {file = "coverage-7.6.2-cp313-cp313-musllinux_1_2_i686.whl", hash = "sha256:c9192925acc33e146864b8cf037e2ed32a91fdf7644ae875f5d46cd2ef086a5f"},
    {file = "coverage-7.6.2-cp313-cp313-musllinux_1_2_x86_64.whl", hash = "sha256:bf4eeecc9e10f5403ec06138978235af79c9a79af494eb6b1d60a50b49ed2869"},
    {file = "coverage-7.6.2-cp313-cp313-win32.whl", hash = "sha256:e4ee15b267d2dad3e8759ca441ad450c334f3733304c55210c2a44516e8d5530"},
    {file = "coverage-7.6.2-cp313-cp313-win_amd64.whl", hash = "sha256:c71965d1ced48bf97aab79fad56df82c566b4c498ffc09c2094605727c4b7e36"},
    {file = "coverage-7.6.2-cp313-cp313t-macosx_10_13_x86_64.whl", hash = "sha256:7571e8bbecc6ac066256f9de40365ff833553e2e0c0c004f4482facb131820ef"},
    {file = "coverage-7.6.2-cp313-cp313t-macosx_11_0_arm64.whl", hash = "sha256:078a87519057dacb5d77e333f740708ec2a8f768655f1db07f8dfd28d7a005f0"},
    {file = "coverage-7.6.2-cp313-cp313t-manylinux_2_17_aarch64.manylinux2014_aarch64.whl", hash = "sha256:1e5e92e3e84a8718d2de36cd8387459cba9a4508337b8c5f450ce42b87a9e760"},
    {file = "coverage-7.6.2-cp313-cp313t-manylinux_2_5_i686.manylinux1_i686.manylinux_2_17_i686.manylinux2014_i686.whl", hash = "sha256:ebabdf1c76593a09ee18c1a06cd3022919861365219ea3aca0247ededf6facd6"},
    {file = "coverage-7.6.2-cp313-cp313t-manylinux_2_5_x86_64.manylinux1_x86_64.manylinux_2_17_x86_64.manylinux2014_x86_64.whl", hash = "sha256:12179eb0575b8900912711688e45474f04ab3934aaa7b624dea7b3c511ecc90f"},
    {file = "coverage-7.6.2-cp313-cp313t-musllinux_1_2_aarch64.whl", hash = "sha256:39d3b964abfe1519b9d313ab28abf1d02faea26cd14b27f5283849bf59479ff5"},
    {file = "coverage-7.6.2-cp313-cp313t-musllinux_1_2_i686.whl", hash = "sha256:84c4315577f7cd511d6250ffd0f695c825efe729f4205c0340f7004eda51191f"},
    {file = "coverage-7.6.2-cp313-cp313t-musllinux_1_2_x86_64.whl", hash = "sha256:ff797320dcbff57caa6b2301c3913784a010e13b1f6cf4ab3f563f3c5e7919db"},
    {file = "coverage-7.6.2-cp313-cp313t-win32.whl", hash = "sha256:2b636a301e53964550e2f3094484fa5a96e699db318d65398cfba438c5c92171"},
    {file = "coverage-7.6.2-cp313-cp313t-win_amd64.whl", hash = "sha256:d03a060ac1a08e10589c27d509bbdb35b65f2d7f3f8d81cf2fa199877c7bc58a"},
    {file = "coverage-7.6.2-cp39-cp39-macosx_10_9_x86_64.whl", hash = "sha256:c37faddc8acd826cfc5e2392531aba734b229741d3daec7f4c777a8f0d4993e5"},
    {file = "coverage-7.6.2-cp39-cp39-macosx_11_0_arm64.whl", hash = "sha256:ab31fdd643f162c467cfe6a86e9cb5f1965b632e5e65c072d90854ff486d02cf"},
    {file = "coverage-7.6.2-cp39-cp39-manylinux_2_17_aarch64.manylinux2014_aarch64.whl", hash = "sha256:97df87e1a20deb75ac7d920c812e9326096aa00a9a4b6d07679b4f1f14b06c90"},
    {file = "coverage-7.6.2-cp39-cp39-manylinux_2_5_i686.manylinux1_i686.manylinux_2_17_i686.manylinux2014_i686.whl", hash = "sha256:343056c5e0737487a5291f5691f4dfeb25b3e3c8699b4d36b92bb0e586219d14"},
    {file = "coverage-7.6.2-cp39-cp39-manylinux_2_5_x86_64.manylinux1_x86_64.manylinux_2_17_x86_64.manylinux2014_x86_64.whl", hash = "sha256:ad4ef1c56b47b6b9024b939d503ab487231df1f722065a48f4fc61832130b90e"},
    {file = "coverage-7.6.2-cp39-cp39-musllinux_1_2_aarch64.whl", hash = "sha256:7fca4a92c8a7a73dee6946471bce6d1443d94155694b893b79e19ca2a540d86e"},
    {file = "coverage-7.6.2-cp39-cp39-musllinux_1_2_i686.whl", hash = "sha256:69f251804e052fc46d29d0e7348cdc5fcbfc4861dc4a1ebedef7e78d241ad39e"},
    {file = "coverage-7.6.2-cp39-cp39-musllinux_1_2_x86_64.whl", hash = "sha256:e8ea055b3ea046c0f66217af65bc193bbbeca1c8661dc5fd42698db5795d2627"},
    {file = "coverage-7.6.2-cp39-cp39-win32.whl", hash = "sha256:6c2ba1e0c24d8fae8f2cf0aeb2fc0a2a7f69b6d20bd8d3749fd6b36ecef5edf0"},
    {file = "coverage-7.6.2-cp39-cp39-win_amd64.whl", hash = "sha256:2186369a654a15628e9c1c9921409a6b3eda833e4b91f3ca2a7d9f77abb4987c"},
    {file = "coverage-7.6.2-pp39.pp310-none-any.whl", hash = "sha256:667952739daafe9616db19fbedbdb87917eee253ac4f31d70c7587f7ab531b4e"},
    {file = "coverage-7.6.2.tar.gz", hash = "sha256:a5f81e68aa62bc0cfca04f7b19eaa8f9c826b53fc82ab9e2121976dc74f131f3"},
]

[package.extras]
toml = ["tomli"]

[[package]]
name = "flake8"
version = "7.1.1"
description = "the modular source code checker: pep8 pyflakes and co"
optional = false
python-versions = ">=3.8.1"
files = [
    {file = "flake8-7.1.1-py2.py3-none-any.whl", hash = "sha256:597477df7860daa5aa0fdd84bf5208a043ab96b8e96ab708770ae0364dd03213"},
    {file = "flake8-7.1.1.tar.gz", hash = "sha256:049d058491e228e03e67b390f311bbf88fce2dbaa8fa673e7aea87b7198b8d38"},
]

[package.dependencies]
mccabe = ">=0.7.0,<0.8.0"
pycodestyle = ">=2.12.0,<2.13.0"
pyflakes = ">=3.2.0,<3.3.0"

[[package]]
name = "iniconfig"
version = "2.0.0"
description = "brain-dead simple config-ini parsing"
optional = false
python-versions = ">=3.7"
files = [
    {file = "iniconfig-2.0.0-py3-none-any.whl", hash = "sha256:b6a85871a79d2e3b22d2d1b94ac2824226a63c6b741c88f7ae975f18b6778374"},
    {file = "iniconfig-2.0.0.tar.gz", hash = "sha256:2d91e135bf72d31a410b17c16da610a82cb55f6b0477d1a902134b24a455b8b3"},
]

[[package]]
name = "isort"
version = "5.13.2"
description = "A Python utility / library to sort Python imports."
optional = false
python-versions = ">=3.8.0"
files = [
    {file = "isort-5.13.2-py3-none-any.whl", hash = "sha256:8ca5e72a8d85860d5a3fa69b8745237f2939afe12dbf656afbcb47fe72d947a6"},
    {file = "isort-5.13.2.tar.gz", hash = "sha256:48fdfcb9face5d58a4f6dde2e72a1fb8dcaf8ab26f95ab49fab84c2ddefb0109"},
]

[package.extras]
colors = ["colorama (>=0.4.6)"]

[[package]]
name = "mccabe"
version = "0.7.0"
description = "McCabe checker, plugin for flake8"
optional = false
python-versions = ">=3.6"
files = [
    {file = "mccabe-0.7.0-py2.py3-none-any.whl", hash = "sha256:6c2d30ab6be0e4a46919781807b4f0d834ebdd6c6e3dca0bda5a15f863427b6e"},
    {file = "mccabe-0.7.0.tar.gz", hash = "sha256:348e0240c33b60bbdf4e523192ef919f28cb2c3d7d5c7794f74009290f236325"},
]

[[package]]
name = "mypy-extensions"
version = "1.0.0"
description = "Type system extensions for programs checked with the mypy type checker."
optional = false
python-versions = ">=3.5"
files = [
    {file = "mypy_extensions-1.0.0-py3-none-any.whl", hash = "sha256:4392f6c0eb8a5668a69e23d168ffa70f0be9ccfd32b5cc2d26a34ae5b844552d"},
    {file = "mypy_extensions-1.0.0.tar.gz", hash = "sha256:75dbf8955dc00442a438fc4d0666508a9a97b6bd41aa2f0ffe9d2f2725af0782"},
]

[[package]]
name = "packaging"
version = "24.1"
description = "Core utilities for Python packages"
optional = false
python-versions = ">=3.8"
files = [
    {file = "packaging-24.1-py3-none-any.whl", hash = "sha256:5b8f2217dbdbd2f7f384c41c628544e6d52f2d0f53c6d0c3ea61aa5d1d7ff124"},
    {file = "packaging-24.1.tar.gz", hash = "sha256:026ed72c8ed3fcce5bf8950572258698927fd1dbda10a5e981cdf0ac37f4f002"},
]

[[package]]
name = "pathspec"
version = "0.12.1"
description = "Utility library for gitignore style pattern matching of file paths."
optional = false
python-versions = ">=3.8"
files = [
    {file = "pathspec-0.12.1-py3-none-any.whl", hash = "sha256:a0d503e138a4c123b27490a4f7beda6a01c6f288df0e4a8b79c7eb0dc7b4cc08"},
    {file = "pathspec-0.12.1.tar.gz", hash = "sha256:a482d51503a1ab33b1c67a6c3813a26953dbdc71c31dacaef9a838c4e29f5712"},
]

[[package]]
name = "platformdirs"
version = "4.3.6"
description = "A small Python package for determining appropriate platform-specific dirs, e.g. a `user data dir`."
optional = false
python-versions = ">=3.8"
files = [
    {file = "platformdirs-4.3.6-py3-none-any.whl", hash = "sha256:73e575e1408ab8103900836b97580d5307456908a03e92031bab39e4554cc3fb"},
    {file = "platformdirs-4.3.6.tar.gz", hash = "sha256:357fb2acbc885b0419afd3ce3ed34564c13c9b95c89360cd9563f73aa5e2b907"},
]

[package.extras]
docs = ["furo (>=2024.8.6)", "proselint (>=0.14)", "sphinx (>=8.0.2)", "sphinx-autodoc-typehints (>=2.4)"]
test = ["appdirs (==1.4.4)", "covdefaults (>=2.3)", "pytest (>=8.3.2)", "pytest-cov (>=5)", "pytest-mock (>=3.14)"]
type = ["mypy (>=1.11.2)"]

[[package]]
name = "pluggy"
version = "1.5.0"
description = "plugin and hook calling mechanisms for python"
optional = false
python-versions = ">=3.8"
files = [
    {file = "pluggy-1.5.0-py3-none-any.whl", hash = "sha256:44e1ad92c8ca002de6377e165f3e0f1be63266ab4d554740532335b9d75ea669"},
    {file = "pluggy-1.5.0.tar.gz", hash = "sha256:2cffa88e94fdc978c4c574f15f9e59b7f4201d439195c3715ca9e2486f1d0cf1"},
]

[package.extras]
dev = ["pre-commit", "tox"]
testing = ["pytest", "pytest-benchmark"]

[[package]]
name = "pycodestyle"
version = "2.12.1"
description = "Python style guide checker"
optional = false
python-versions = ">=3.8"
files = [
    {file = "pycodestyle-2.12.1-py2.py3-none-any.whl", hash = "sha256:46f0fb92069a7c28ab7bb558f05bfc0110dac69a0cd23c61ea0040283a9d78b3"},
    {file = "pycodestyle-2.12.1.tar.gz", hash = "sha256:6838eae08bbce4f6accd5d5572075c63626a15ee3e6f842df996bf62f6d73521"},
]

[[package]]
name = "pyflakes"
version = "3.2.0"
description = "passive checker of Python programs"
optional = false
python-versions = ">=3.8"
files = [
    {file = "pyflakes-3.2.0-py2.py3-none-any.whl", hash = "sha256:84b5be138a2dfbb40689ca07e2152deb896a65c3a3e24c251c5c62489568074a"},
    {file = "pyflakes-3.2.0.tar.gz", hash = "sha256:1c61603ff154621fb2a9172037d84dca3500def8c8b630657d1701f026f8af3f"},
]

[[package]]
name = "pytest"
version = "8.3.3"
description = "pytest: simple powerful testing with Python"
optional = false
python-versions = ">=3.8"
files = [
    {file = "pytest-8.3.3-py3-none-any.whl", hash = "sha256:a6853c7375b2663155079443d2e45de913a911a11d669df02a50814944db57b2"},
    {file = "pytest-8.3.3.tar.gz", hash = "sha256:70b98107bd648308a7952b06e6ca9a50bc660be218d53c257cc1fc94fda10181"},
]

[package.dependencies]
colorama = {version = "*", markers = "sys_platform == \"win32\""}
iniconfig = "*"
packaging = "*"
pluggy = ">=1.5,<2"

[package.extras]
dev = ["argcomplete", "attrs (>=19.2)", "hypothesis (>=3.56)", "mock", "pygments (>=2.7.2)", "requests", "setuptools", "xmlschema"]

[[package]]
name = "pytest-cov"
version = "5.0.0"
description = "Pytest plugin for measuring coverage."
optional = false
python-versions = ">=3.8"
files = [
    {file = "pytest-cov-5.0.0.tar.gz", hash = "sha256:5837b58e9f6ebd335b0f8060eecce69b662415b16dc503883a02f45dfeb14857"},
    {file = "pytest_cov-5.0.0-py3-none-any.whl", hash = "sha256:4f0764a1219df53214206bf1feea4633c3b558a2925c8b59f144f682861ce652"},
]

[package.dependencies]
coverage = {version = ">=5.2.1", extras = ["toml"]}
pytest = ">=4.6"

[package.extras]
testing = ["fields", "hunter", "process-tests", "pytest-xdist", "virtualenv"]

[[package]]
name = "pytest-spec"
version = "4.0.0"
description = "Library pytest-spec is a pytest plugin to display test execution output like a SPECIFICATION."
optional = false
python-versions = ">=3.8"
files = [
    {file = "pytest_spec-4.0.0-py3-none-any.whl", hash = "sha256:5d85ed29d9240722dfe778bed80022b917154c8200020864a61bfa65f138f70a"},
    {file = "pytest_spec-4.0.0.tar.gz", hash = "sha256:71c9985e97d090a69b1f1b7adb64e7a208fb1ac42432ce9566c32cdd6b44c1ad"},
]

[package.extras]
deploy = ["build", "twine"]
test = ["pytest", "pytest-describe"]

[metadata]
lock-version = "2.0"
python-versions = "^3.11"
content-hash = "876ac28baf3229ef5134cee12e0c8e6b6f837e4bfa9b09b3c073177cc9881a26"
